
Microsoft Visual Studio Solution File, Format Version 12.00
# Visual Studio Version 17
VisualStudioVersion = 17.6.33712.159
MinimumVisualStudioVersion = 10.0.40219.1
Project("{FAE04EC0-301F-11D3-BF4B-00C04F79EFBC}") = "BlazorApp2_ToDoList", "BlazorApp2_ToDoList\BlazorApp2_ToDoList.csproj", "{5534996C-A83D-4D5C-A200-E2E6148DC942}"
EndProject
Global
	GlobalSection(SolutionConfigurationPlatforms) = preSolution
		Debug|Any CPU = Debug|Any CPU
		Release|Any CPU = Release|Any CPU
	EndGlobalSection
	GlobalSection(ProjectConfigurationPlatforms) = postSolution
		{5534996C-A83D-4D5C-A200-E2E6148DC942}.Debug|Any CPU.ActiveCfg = Debug|Any CPU
		{5534996C-A83D-4D5C-A200-E2E6148DC942}.Debug|Any CPU.Build.0 = Debug|Any CPU
		{5534996C-A83D-4D5C-A200-E2E6148DC942}.Release|Any CPU.ActiveCfg = Release|Any CPU
		{5534996C-A83D-4D5C-A200-E2E6148DC942}.Release|Any CPU.Build.0 = Release|Any CPU
	EndGlobalSection
	GlobalSection(SolutionProperties) = preSolution
		HideSolutionNode = FALSE
	EndGlobalSection
	GlobalSection(ExtensibilityGlobals) = postSolution
		SolutionGuid = {1951C413-292B-4588-BFCB-04204F8DED78}
	EndGlobalSection
EndGlobal
